// !$*UTF8*$!
{
	archiveVersion = 1;
	classes = {
	};
	objectVersion = 77;
	objects = {

/* Begin PBXBuildFile section */
		EF73C20E2D532CB000D7264A /* VideoEditorSDK in Frameworks */ = {isa = PBXBuildFile; productRef = EF73C20D2D532CB000D7264A /* VideoEditorSDK */; };
		EFF82A0B2D516A9E0020728E /* FirebaseAuth in Frameworks */ = {isa = PBXBuildFile; productRef = EFF82A0A2D516A9E0020728E /* FirebaseAuth */; };
		EFF82A0D2D516A9E0020728E /* FirebaseCore in Frameworks */ = {isa = PBXBuildFile; productRef = EFF82A0C2D516A9E0020728E /* FirebaseCore */; };
		EFF82A0F2D516A9E0020728E /* FirebaseDatabase in Frameworks */ = {isa = PBXBuildFile; productRef = EFF82A0E2D516A9E0020728E /* FirebaseDatabase */; };
		EFF82A112D516A9E0020728E /* FirebaseFirestore in Frameworks */ = {isa = PBXBuildFile; productRef = EFF82A102D516A9E0020728E /* FirebaseFirestore */; };
		EFF82A132D516A9E0020728E /* FirebaseStorage in Frameworks */ = {isa = PBXBuildFile; productRef = EFF82A122D516A9E0020728E /* FirebaseStorage */; };
		EFF82A152D516A9E0020728E /* FirebaseVertexAI in Frameworks */ = {isa = PBXBuildFile; productRef = EFF82A142D516A9E0020728E /* FirebaseVertexAI */; };
/* End PBXBuildFile section */

/* Begin PBXContainerItemProxy section */
		EFF8292D2D51469D0020728E /* PBXContainerItemProxy */ = {
			isa = PBXContainerItemProxy;
			containerPortal = EFF829142D51469A0020728E /* Project object */;
			proxyType = 1;
			remoteGlobalIDString = EFF8291B2D51469A0020728E;
			remoteInfo = Blast;
		};
		EFF829372D51469D0020728E /* PBXContainerItemProxy */ = {
			isa = PBXContainerItemProxy;
			containerPortal = EFF829142D51469A0020728E /* Project object */;
			proxyType = 1;
			remoteGlobalIDString = EFF8291B2D51469A0020728E;
			remoteInfo = Blast;
		};
/* End PBXContainerItemProxy section */

/* Begin PBXFileReference section */
		EFF8291C2D51469A0020728E /* Blast.app */ = {isa = PBXFileReference; explicitFileType = wrapper.application; includeInIndex = 0; path = Blast.app; sourceTree = BUILT_PRODUCTS_DIR; };
		EFF8292C2D51469D0020728E /* BlastTests.xctest */ = {isa = PBXFileReference; explicitFileType = wrapper.cfbundle; includeInIndex = 0; path = BlastTests.xctest; sourceTree = BUILT_PRODUCTS_DIR; };
		EFF829362D51469D0020728E /* BlastUITests.xctest */ = {isa = PBXFileReference; explicitFileType = wrapper.cfbundle; includeInIndex = 0; path = BlastUITests.xctest; sourceTree = BUILT_PRODUCTS_DIR; };
/* End PBXFileReference section */

/* Begin PBXFileSystemSynchronizedBuildFileExceptionSet section */
		EF071C4A2D5326BB00A1BF83 /* Exceptions for "Blast" folder in "Blast" target */ = {
			isa = PBXFileSystemSynchronizedBuildFileExceptionSet;
			membershipExceptions = (
				Info.plist,
			);
			target = EFF8291B2D51469A0020728E /* Blast */;
		};
/* End PBXFileSystemSynchronizedBuildFileExceptionSet section */

/* Begin PBXFileSystemSynchronizedRootGroup section */
		EFF8291E2D51469A0020728E /* Blast */ = {
			isa = PBXFileSystemSynchronizedRootGroup;
			exceptions = (
				EF071C4A2D5326BB00A1BF83 /* Exceptions for "Blast" folder in "Blast" target */,
			);
			path = Blast;
			sourceTree = "<group>";
		};
		EFF8292F2D51469D0020728E /* BlastTests */ = {
			isa = PBXFileSystemSynchronizedRootGroup;
			path = BlastTests;
			sourceTree = "<group>";
		};
		EFF829392D51469D0020728E /* BlastUITests */ = {
			isa = PBXFileSystemSynchronizedRootGroup;
			path = BlastUITests;
			sourceTree = "<group>";
		};
/* End PBXFileSystemSynchronizedRootGroup section */

/* Begin PBXFrameworksBuildPhase section */
		EFF829192D51469A0020728E /* Frameworks */ = {
			isa = PBXFrameworksBuildPhase;
			buildActionMask = 2147483647;
			files = (
				EFF82A0F2D516A9E0020728E /* FirebaseDatabase in Frameworks */,
				EF73C20E2D532CB000D7264A /* VideoEditorSDK in Frameworks */,
				EFF82A152D516A9E0020728E /* FirebaseVertexAI in Frameworks */,
				EFF82A112D516A9E0020728E /* FirebaseFirestore in Frameworks */,
				EFF82A0D2D516A9E0020728E /* FirebaseCore in Frameworks */,
				EFF82A132D516A9E0020728E /* FirebaseStorage in Frameworks */,
				EFF82A0B2D516A9E0020728E /* FirebaseAuth in Frameworks */,
			);
			runOnlyForDeploymentPostprocessing = 0;
		};
		EFF829292D51469D0020728E /* Frameworks */ = {
			isa = PBXFrameworksBuildPhase;
			buildActionMask = 2147483647;
			files = (
			);
			runOnlyForDeploymentPostprocessing = 0;
		};
		EFF829332D51469D0020728E /* Frameworks */ = {
			isa = PBXFrameworksBuildPhase;
			buildActionMask = 2147483647;
			files = (
			);
			runOnlyForDeploymentPostprocessing = 0;
		};
/* End PBXFrameworksBuildPhase section */

/* Begin PBXGroup section */
		EFF829132D51469A0020728E = {
			isa = PBXGroup;
			children = (
				EFF8291E2D51469A0020728E /* Blast */,
				EFF8292F2D51469D0020728E /* BlastTests */,
				EFF829392D51469D0020728E /* BlastUITests */,
				EFF8291D2D51469A0020728E /* Products */,
			);
			sourceTree = "<group>";
		};
		EFF8291D2D51469A0020728E /* Products */ = {
			isa = PBXGroup;
			children = (
				EFF8291C2D51469A0020728E /* Blast.app */,
				EFF8292C2D51469D0020728E /* BlastTests.xctest */,
				EFF829362D51469D0020728E /* BlastUITests.xctest */,
			);
			name = Products;
			sourceTree = "<group>";
		};
/* End PBXGroup section */

/* Begin PBXNativeTarget section */
		EFF8291B2D51469A0020728E /* Blast */ = {
			isa = PBXNativeTarget;
			buildConfigurationList = EFF829402D51469D0020728E /* Build configuration list for PBXNativeTarget "Blast" */;
			buildPhases = (
				EFF829182D51469A0020728E /* Sources */,
				EFF829192D51469A0020728E /* Frameworks */,
				EFF8291A2D51469A0020728E /* Resources */,
			);
			buildRules = (
			);
			dependencies = (
			);
			fileSystemSynchronizedGroups = (
				EFF8291E2D51469A0020728E /* Blast */,
			);
			name = Blast;
			packageProductDependencies = (
				EFF82A0A2D516A9E0020728E /* FirebaseAuth */,
				EFF82A0C2D516A9E0020728E /* FirebaseCore */,
				EFF82A0E2D516A9E0020728E /* FirebaseDatabase */,
				EFF82A102D516A9E0020728E /* FirebaseFirestore */,
				EFF82A122D516A9E0020728E /* FirebaseStorage */,
				EFF82A142D516A9E0020728E /* FirebaseVertexAI */,
				EF73C20D2D532CB000D7264A /* VideoEditorSDK */,
			);
			productName = Blast;
			productReference = EFF8291C2D51469A0020728E /* Blast.app */;
			productType = "com.apple.product-type.application";
		};
		EFF8292B2D51469D0020728E /* BlastTests */ = {
			isa = PBXNativeTarget;
			buildConfigurationList = EFF829432D51469D0020728E /* Build configuration list for PBXNativeTarget "BlastTests" */;
			buildPhases = (
				EFF829282D51469D0020728E /* Sources */,
				EFF829292D51469D0020728E /* Frameworks */,
				EFF8292A2D51469D0020728E /* Resources */,
			);
			buildRules = (
			);
			dependencies = (
				EFF8292E2D51469D0020728E /* PBXTargetDependency */,
			);
			fileSystemSynchronizedGroups = (
				EFF8292F2D51469D0020728E /* BlastTests */,
			);
			name = BlastTests;
			packageProductDependencies = (
			);
			productName = BlastTests;
			productReference = EFF8292C2D51469D0020728E /* BlastTests.xctest */;
			productType = "com.apple.product-type.bundle.unit-test";
		};
		EFF829352D51469D0020728E /* BlastUITests */ = {
			isa = PBXNativeTarget;
			buildConfigurationList = EFF829462D51469D0020728E /* Build configuration list for PBXNativeTarget "BlastUITests" */;
			buildPhases = (
				EFF829322D51469D0020728E /* Sources */,
				EFF829332D51469D0020728E /* Frameworks */,
				EFF829342D51469D0020728E /* Resources */,
			);
			buildRules = (
			);
			dependencies = (
				EFF829382D51469D0020728E /* PBXTargetDependency */,
			);
			fileSystemSynchronizedGroups = (
				EFF829392D51469D0020728E /* BlastUITests */,
			);
			name = BlastUITests;
			packageProductDependencies = (
			);
			productName = BlastUITests;
			productReference = EFF829362D51469D0020728E /* BlastUITests.xctest */;
			productType = "com.apple.product-type.bundle.ui-testing";
		};
/* End PBXNativeTarget section */

/* Begin PBXProject section */
		EFF829142D51469A0020728E /* Project object */ = {
			isa = PBXProject;
			attributes = {
				BuildIndependentTargetsInParallel = 1;
				LastSwiftUpdateCheck = 1620;
				LastUpgradeCheck = 1620;
				TargetAttributes = {
					EFF8291B2D51469A0020728E = {
						CreatedOnToolsVersion = 16.2;
					};
					EFF8292B2D51469D0020728E = {
						CreatedOnToolsVersion = 16.2;
						TestTargetID = EFF8291B2D51469A0020728E;
					};
					EFF829352D51469D0020728E = {
						CreatedOnToolsVersion = 16.2;
						TestTargetID = EFF8291B2D51469A0020728E;
					};
				};
			};
			buildConfigurationList = EFF829172D51469A0020728E /* Build configuration list for PBXProject "Blast" */;
			developmentRegion = en;
			hasScannedForEncodings = 0;
			knownRegions = (
				en,
				Base,
			);
			mainGroup = EFF829132D51469A0020728E;
			minimizedProjectReferenceProxies = 1;
			packageReferences = (
				EFF82A092D516A9E0020728E /* XCRemoteSwiftPackageReference "firebase-ios-sdk" */,
				EF73C20C2D532CB000D7264A /* XCRemoteSwiftPackageReference "vesdk-ios-build" */,
			);
			preferredProjectObjectVersion = 77;
			productRefGroup = EFF8291D2D51469A0020728E /* Products */;
			projectDirPath = "";
			projectRoot = "";
			targets = (
				EFF8291B2D51469A0020728E /* Blast */,
				EFF8292B2D51469D0020728E /* BlastTests */,
				EFF829352D51469D0020728E /* BlastUITests */,
			);
		};
/* End PBXProject section */

/* Begin PBXResourcesBuildPhase section */
		EFF8291A2D51469A0020728E /* Resources */ = {
			isa = PBXResourcesBuildPhase;
			buildActionMask = 2147483647;
			files = (
			);
			runOnlyForDeploymentPostprocessing = 0;
		};
		EFF8292A2D51469D0020728E /* Resources */ = {
			isa = PBXResourcesBuildPhase;
			buildActionMask = 2147483647;
			files = (
			);
			runOnlyForDeploymentPostprocessing = 0;
		};
		EFF829342D51469D0020728E /* Resources */ = {
			isa = PBXResourcesBuildPhase;
			buildActionMask = 2147483647;
			files = (
			);
			runOnlyForDeploymentPostprocessing = 0;
		};
/* End PBXResourcesBuildPhase section */

/* Begin PBXSourcesBuildPhase section */
		EFF829182D51469A0020728E /* Sources */ = {
			isa = PBXSourcesBuildPhase;
			buildActionMask = 2147483647;
			files = (
			);
			runOnlyForDeploymentPostprocessing = 0;
		};
		EFF829282D51469D0020728E /* Sources */ = {
			isa = PBXSourcesBuildPhase;
			buildActionMask = 2147483647;
			files = (
			);
			runOnlyForDeploymentPostprocessing = 0;
		};
		EFF829322D51469D0020728E /* Sources */ = {
			isa = PBXSourcesBuildPhase;
			buildActionMask = 2147483647;
			files = (
			);
			runOnlyForDeploymentPostprocessing = 0;
		};
/* End PBXSourcesBuildPhase section */

/* Begin PBXTargetDependency section */
		EFF8292E2D51469D0020728E /* PBXTargetDependency */ = {
			isa = PBXTargetDependency;
			target = EFF8291B2D51469A0020728E /* Blast */;
			targetProxy = EFF8292D2D51469D0020728E /* PBXContainerItemProxy */;
		};
		EFF829382D51469D0020728E /* PBXTargetDependency */ = {
			isa = PBXTargetDependency;
			target = EFF8291B2D51469A0020728E /* Blast */;
			targetProxy = EFF829372D51469D0020728E /* PBXContainerItemProxy */;
		};
/* End PBXTargetDependency section */

/* Begin XCBuildConfiguration section */
		EFF8293E2D51469D0020728E /* Debug */ = {
			isa = XCBuildConfiguration;
			buildSettings = {
				ALWAYS_SEARCH_USER_PATHS = NO;
				ASSETCATALOG_COMPILER_GENERATE_SWIFT_ASSET_SYMBOL_EXTENSIONS = YES;
				CLANG_ANALYZER_NONNULL = YES;
				CLANG_ANALYZER_NUMBER_OBJECT_CONVERSION = YES_AGGRESSIVE;
				CLANG_CXX_LANGUAGE_STANDARD = "gnu++20";
				CLANG_ENABLE_MODULES = YES;
				CLANG_ENABLE_OBJC_ARC = YES;
				CLANG_ENABLE_OBJC_WEAK = YES;
				CLANG_WARN_BLOCK_CAPTURE_AUTORELEASING = YES;
				CLANG_WARN_BOOL_CONVERSION = YES;
				CLANG_WARN_COMMA = YES;
				CLANG_WARN_CONSTANT_CONVERSION = YES;
				CLANG_WARN_DEPRECATED_OBJC_IMPLEMENTATIONS = YES;
				CLANG_WARN_DIRECT_OBJC_ISA_USAGE = YES_ERROR;
				CLANG_WARN_DOCUMENTATION_COMMENTS = YES;
				CLANG_WARN_EMPTY_BODY = YES;
				CLANG_WARN_ENUM_CONVERSION = YES;
				CLANG_WARN_INFINITE_RECURSION = YES;
				CLANG_WARN_INT_CONVERSION = YES;
				CLANG_WARN_NON_LITERAL_NULL_CONVERSION = YES;
				CLANG_WARN_OBJC_IMPLICIT_RETAIN_SELF = YES;
				CLANG_WARN_OBJC_LITERAL_CONVERSION = YES;
				CLANG_WARN_OBJC_ROOT_CLASS = YES_ERROR;
				CLANG_WARN_QUOTED_INCLUDE_IN_FRAMEWORK_HEADER = YES;
				CLANG_WARN_RANGE_LOOP_ANALYSIS = YES;
				CLANG_WARN_STRICT_PROTOTYPES = YES;
				CLANG_WARN_SUSPICIOUS_MOVE = YES;
				CLANG_WARN_UNGUARDED_AVAILABILITY = YES_AGGRESSIVE;
				CLANG_WARN_UNREACHABLE_CODE = YES;
				CLANG_WARN__DUPLICATE_METHOD_MATCH = YES;
				COPY_PHASE_STRIP = NO;
				DEBUG_INFORMATION_FORMAT = dwarf;
				ENABLE_STRICT_OBJC_MSGSEND = YES;
				ENABLE_TESTABILITY = YES;
				ENABLE_USER_SCRIPT_SANDBOXING = YES;
				GCC_C_LANGUAGE_STANDARD = gnu17;
				GCC_DYNAMIC_NO_PIC = NO;
				GCC_NO_COMMON_BLOCKS = YES;
				GCC_OPTIMIZATION_LEVEL = 0;
				GCC_PREPROCESSOR_DEFINITIONS = (
					"DEBUG=1",
					"$(inherited)",
				);
				GCC_WARN_64_TO_32_BIT_CONVERSION = YES;
				GCC_WARN_ABOUT_RETURN_TYPE = YES_ERROR;
				GCC_WARN_UNDECLARED_SELECTOR = YES;
				GCC_WARN_UNINITIALIZED_AUTOS = YES_AGGRESSIVE;
				GCC_WARN_UNUSED_FUNCTION = YES;
				GCC_WARN_UNUSED_VARIABLE = YES;
				IPHONEOS_DEPLOYMENT_TARGET = 18.2;
				LOCALIZATION_PREFERS_STRING_CATALOGS = YES;
				MTL_ENABLE_DEBUG_INFO = INCLUDE_SOURCE;
				MTL_FAST_MATH = YES;
				ONLY_ACTIVE_ARCH = YES;
				SDKROOT = iphoneos;
				SWIFT_ACTIVE_COMPILATION_CONDITIONS = "DEBUG $(inherited)";
				SWIFT_OPTIMIZATION_LEVEL = "-Onone";
			};
			name = Debug;
		};
		EFF8293F2D51469D0020728E /* Release */ = {
			isa = XCBuildConfiguration;
			buildSettings = {
				ALWAYS_SEARCH_USER_PATHS = NO;
				ASSETCATALOG_COMPILER_GENERATE_SWIFT_ASSET_SYMBOL_EXTENSIONS = YES;
				CLANG_ANALYZER_NONNULL = YES;
				CLANG_ANALYZER_NUMBER_OBJECT_CONVERSION = YES_AGGRESSIVE;
				CLANG_CXX_LANGUAGE_STANDARD = "gnu++20";
				CLANG_ENABLE_MODULES = YES;
				CLANG_ENABLE_OBJC_ARC = YES;
				CLANG_ENABLE_OBJC_WEAK = YES;
				CLANG_WARN_BLOCK_CAPTURE_AUTORELEASING = YES;
				CLANG_WARN_BOOL_CONVERSION = YES;
				CLANG_WARN_COMMA = YES;
				CLANG_WARN_CONSTANT_CONVERSION = YES;
				CLANG_WARN_DEPRECATED_OBJC_IMPLEMENTATIONS = YES;
				CLANG_WARN_DIRECT_OBJC_ISA_USAGE = YES_ERROR;
				CLANG_WARN_DOCUMENTATION_COMMENTS = YES;
				CLANG_WARN_EMPTY_BODY = YES;
				CLANG_WARN_ENUM_CONVERSION = YES;
				CLANG_WARN_INFINITE_RECURSION = YES;
				CLANG_WARN_INT_CONVERSION = YES;
				CLANG_WARN_NON_LITERAL_NULL_CONVERSION = YES;
				CLANG_WARN_OBJC_IMPLICIT_RETAIN_SELF = YES;
				CLANG_WARN_OBJC_LITERAL_CONVERSION = YES;
				CLANG_WARN_OBJC_ROOT_CLASS = YES_ERROR;
				CLANG_WARN_QUOTED_INCLUDE_IN_FRAMEWORK_HEADER = YES;
				CLANG_WARN_RANGE_LOOP_ANALYSIS = YES;
				CLANG_WARN_STRICT_PROTOTYPES = YES;
				CLANG_WARN_SUSPICIOUS_MOVE = YES;
				CLANG_WARN_UNGUARDED_AVAILABILITY = YES_AGGRESSIVE;
				CLANG_WARN_UNREACHABLE_CODE = YES;
				CLANG_WARN__DUPLICATE_METHOD_MATCH = YES;
				COPY_PHASE_STRIP = NO;
				DEBUG_INFORMATION_FORMAT = "dwarf-with-dsym";
				ENABLE_NS_ASSERTIONS = NO;
				ENABLE_STRICT_OBJC_MSGSEND = YES;
				ENABLE_USER_SCRIPT_SANDBOXING = YES;
				GCC_C_LANGUAGE_STANDARD = gnu17;
				GCC_NO_COMMON_BLOCKS = YES;
				GCC_WARN_64_TO_32_BIT_CONVERSION = YES;
				GCC_WARN_ABOUT_RETURN_TYPE = YES_ERROR;
				GCC_WARN_UNDECLARED_SELECTOR = YES;
				GCC_WARN_UNINITIALIZED_AUTOS = YES_AGGRESSIVE;
				GCC_WARN_UNUSED_FUNCTION = YES;
				GCC_WARN_UNUSED_VARIABLE = YES;
				IPHONEOS_DEPLOYMENT_TARGET = 18.2;
				LOCALIZATION_PREFERS_STRING_CATALOGS = YES;
				MTL_ENABLE_DEBUG_INFO = NO;
				MTL_FAST_MATH = YES;
				SDKROOT = iphoneos;
				SWIFT_COMPILATION_MODE = wholemodule;
				VALIDATE_PRODUCT = YES;
			};
			name = Release;
		};
		EFF829412D51469D0020728E /* Debug */ = {
			isa = XCBuildConfiguration;
			buildSettings = {
				ASSETCATALOG_COMPILER_APPICON_NAME = AppIcon;
				ASSETCATALOG_COMPILER_GLOBAL_ACCENT_COLOR_NAME = AccentColor;
				CODE_SIGN_STYLE = Automatic;
				CURRENT_PROJECT_VERSION = 1;
				DEVELOPMENT_ASSET_PATHS = "\"Blast/Preview Content\"";
				DEVELOPMENT_TEAM = DA6FJR4Q7R;
				ENABLE_PREVIEWS = YES;
				GENERATE_INFOPLIST_FILE = NO;
				INFOPLIST_FILE = Blast/Info.plist;
				INFOPLIST_KEY_CFBundleDisplayName = Blast;
				INFOPLIST_KEY_UIApplicationSceneManifest_Generation = YES;
				INFOPLIST_KEY_UIApplicationSupportsIndirectInputEvents = YES;
				INFOPLIST_KEY_UILaunchScreen_Generation = YES;
				INFOPLIST_KEY_UISupportedInterfaceOrientations_iPad = "UIInterfaceOrientationPortrait UIInterfaceOrientationPortraitUpsideDown UIInterfaceOrientationLandscapeLeft UIInterfaceOrientationLandscapeRight";
				INFOPLIST_KEY_UISupportedInterfaceOrientations_iPhone = "UIInterfaceOrientationPortrait UIInterfaceOrientationLandscapeLeft UIInterfaceOrientationLandscapeRight";
				IPHONEOS_DEPLOYMENT_TARGET = 17.6;
				LD_RUNPATH_SEARCH_PATHS = (
					"$(inherited)",
					"@executable_path/Frameworks",
				);
				MARKETING_VERSION = 1.0;
				PRODUCT_BUNDLE_IDENTIFIER = test.Blast;
				PRODUCT_NAME = "$(TARGET_NAME)";
				SUPPORTED_PLATFORMS = "iphoneos iphonesimulator";
				SUPPORTS_MACCATALYST = NO;
				SUPPORTS_MAC_DESIGNED_FOR_IPHONE_IPAD = NO;
				SUPPORTS_XR_DESIGNED_FOR_IPHONE_IPAD = NO;
				SWIFT_EMIT_LOC_STRINGS = YES;
				SWIFT_VERSION = 5.0;
				TARGETED_DEVICE_FAMILY = 1;
			};
			name = Debug;
		};
		EFF829422D51469D0020728E /* Release */ = {
			isa = XCBuildConfiguration;
			buildSettings = {
				ASSETCATALOG_COMPILER_APPICON_NAME = AppIcon;
				ASSETCATALOG_COMPILER_GLOBAL_ACCENT_COLOR_NAME = AccentColor;
				CODE_SIGN_STYLE = Automatic;
				CURRENT_PROJECT_VERSION = 1;
				DEVELOPMENT_ASSET_PATHS = "\"Blast/Preview Content\"";
				DEVELOPMENT_TEAM = DA6FJR4Q7R;
				ENABLE_PREVIEWS = YES;
				GENERATE_INFOPLIST_FILE = NO;
				INFOPLIST_FILE = Blast/Info.plist;
				INFOPLIST_KEY_CFBundleDisplayName = Blast;
				INFOPLIST_KEY_UIApplicationSceneManifest_Generation = YES;
				INFOPLIST_KEY_UIApplicationSupportsIndirectInputEvents = YES;
				INFOPLIST_KEY_UILaunchScreen_Generation = YES;
				INFOPLIST_KEY_UISupportedInterfaceOrientations_iPad = "UIInterfaceOrientationPortrait UIInterfaceOrientationPortraitUpsideDown UIInterfaceOrientationLandscapeLeft UIInterfaceOrientationLandscapeRight";
				INFOPLIST_KEY_UISupportedInterfaceOrientations_iPhone = "UIInterfaceOrientationPortrait UIInterfaceOrientationLandscapeLeft UIInterfaceOrientationLandscapeRight";
				IPHONEOS_DEPLOYMENT_TARGET = 17.6;
				LD_RUNPATH_SEARCH_PATHS = (
					"$(inherited)",
					"@executable_path/Frameworks",
				);
				MARKETING_VERSION = 1.0;
				PRODUCT_BUNDLE_IDENTIFIER = test.Blast;
				PRODUCT_NAME = "$(TARGET_NAME)";
				SUPPORTED_PLATFORMS = "iphoneos iphonesimulator";
				SUPPORTS_MACCATALYST = NO;
				SUPPORTS_MAC_DESIGNED_FOR_IPHONE_IPAD = NO;
				SUPPORTS_XR_DESIGNED_FOR_IPHONE_IPAD = NO;
				SWIFT_EMIT_LOC_STRINGS = YES;
				SWIFT_VERSION = 5.0;
				TARGETED_DEVICE_FAMILY = 1;
			};
			name = Release;
		};
		EFF829442D51469D0020728E /* Debug */ = {
			isa = XCBuildConfiguration;
			buildSettings = {
				BUNDLE_LOADER = "$(TEST_HOST)";
				CODE_SIGN_STYLE = Automatic;
				CURRENT_PROJECT_VERSION = 1;
				GENERATE_INFOPLIST_FILE = YES;
				IPHONEOS_DEPLOYMENT_TARGET = 18.2;
				MARKETING_VERSION = 1.0;
				PRODUCT_BUNDLE_IDENTIFIER = test.BlastTests;
				PRODUCT_NAME = "$(TARGET_NAME)";
				SWIFT_EMIT_LOC_STRINGS = NO;
				SWIFT_VERSION = 5.0;
				TARGETED_DEVICE_FAMILY = "1,2";
				TEST_HOST = "$(BUILT_PRODUCTS_DIR)/Blast.app/$(BUNDLE_EXECUTABLE_FOLDER_PATH)/Blast";
			};
			name = Debug;
		};
		EFF829452D51469D0020728E /* Release */ = {
			isa = XCBuildConfiguration;
			buildSettings = {
				BUNDLE_LOADER = "$(TEST_HOST)";
				CODE_SIGN_STYLE = Automatic;
				CURRENT_PROJECT_VERSION = 1;
				GENERATE_INFOPLIST_FILE = YES;
				IPHONEOS_DEPLOYMENT_TARGET = 18.2;
				MARKETING_VERSION = 1.0;
				PRODUCT_BUNDLE_IDENTIFIER = test.BlastTests;
				PRODUCT_NAME = "$(TARGET_NAME)";
				SWIFT_EMIT_LOC_STRINGS = NO;
				SWIFT_VERSION = 5.0;
				TARGETED_DEVICE_FAMILY = "1,2";
				TEST_HOST = "$(BUILT_PRODUCTS_DIR)/Blast.app/$(BUNDLE_EXECUTABLE_FOLDER_PATH)/Blast";
			};
			name = Release;
		};
		EFF829472D51469D0020728E /* Debug */ = {
			isa = XCBuildConfiguration;
			buildSettings = {
				CODE_SIGN_STYLE = Automatic;
				CURRENT_PROJECT_VERSION = 1;
				GENERATE_INFOPLIST_FILE = YES;
				MARKETING_VERSION = 1.0;
				PRODUCT_BUNDLE_IDENTIFIER = test.BlastUITests;
				PRODUCT_NAME = "$(TARGET_NAME)";
				SWIFT_EMIT_LOC_STRINGS = NO;
				SWIFT_VERSION = 5.0;
				TARGETED_DEVICE_FAMILY = "1,2";
				TEST_TARGET_NAME = Blast;
			};
			name = Debug;
		};
		EFF829482D51469D0020728E /* Release */ = {
			isa = XCBuildConfiguration;
			buildSettings = {
				CODE_SIGN_STYLE = Automatic;
				CURRENT_PROJECT_VERSION = 1;
				GENERATE_INFOPLIST_FILE = YES;
				MARKETING_VERSION = 1.0;
				PRODUCT_BUNDLE_IDENTIFIER = test.BlastUITests;
				PRODUCT_NAME = "$(TARGET_NAME)";
				SWIFT_EMIT_LOC_STRINGS = NO;
				SWIFT_VERSION = 5.0;
				TARGETED_DEVICE_FAMILY = "1,2";
				TEST_TARGET_NAME = Blast;
			};
			name = Release;
		};
/* End XCBuildConfiguration section */

/* Begin XCConfigurationList section */
		EFF829172D51469A0020728E /* Build configuration list for PBXProject "Blast" */ = {
			isa = XCConfigurationList;
			buildConfigurations = (
				EFF8293E2D51469D0020728E /* Debug */,
				EFF8293F2D51469D0020728E /* Release */,
			);
			defaultConfigurationIsVisible = 0;
			defaultConfigurationName = Release;
		};
		EFF829402D51469D0020728E /* Build configuration list for PBXNativeTarget "Blast" */ = {
			isa = XCConfigurationList;
			buildConfigurations = (
				EFF829412D51469D0020728E /* Debug */,
				EFF829422D51469D0020728E /* Release */,
			);
			defaultConfigurationIsVisible = 0;
			defaultConfigurationName = Release;
		};
		EFF829432D51469D0020728E /* Build configuration list for PBXNativeTarget "BlastTests" */ = {
			isa = XCConfigurationList;
			buildConfigurations = (
				EFF829442D51469D0020728E /* Debug */,
				EFF829452D51469D0020728E /* Release */,
			);
			defaultConfigurationIsVisible = 0;
			defaultConfigurationName = Release;
		};
		EFF829462D51469D0020728E /* Build configuration list for PBXNativeTarget "BlastUITests" */ = {
			isa = XCConfigurationList;
			buildConfigurations = (
				EFF829472D51469D0020728E /* Debug */,
				EFF829482D51469D0020728E /* Release */,
			);
			defaultConfigurationIsVisible = 0;
			defaultConfigurationName = Release;
		};
/* End XCConfigurationList section */

/* Begin XCRemoteSwiftPackageReference section */
		EF73C20C2D532CB000D7264A /* XCRemoteSwiftPackageReference "vesdk-ios-build" */ = {
			isa = XCRemoteSwiftPackageReference;
			repositoryURL = "https://github.com/imgly/vesdk-ios-build";
			requirement = {
				kind = upToNextMajorVersion;
				minimumVersion = 11.10.2;
			};
		};
		EFF82A092D516A9E0020728E /* XCRemoteSwiftPackageReference "firebase-ios-sdk" */ = {
			isa = XCRemoteSwiftPackageReference;
			repositoryURL = "https://github.com/firebase/firebase-ios-sdk";
			requirement = {
				kind = upToNextMajorVersion;
				minimumVersion = 11.8.0;
			};
		};
/* End XCRemoteSwiftPackageReference section */

/* Begin XCSwiftPackageProductDependency section */
		EF73C20D2D532CB000D7264A /* VideoEditorSDK */ = {
			isa = XCSwiftPackageProductDependency;
			package = EF73C20C2D532CB000D7264A /* XCRemoteSwiftPackageReference "vesdk-ios-build" */;
			productName = VideoEditorSDK;
		};
		EFF82A0A2D516A9E0020728E /* FirebaseAuth */ = {
			isa = XCSwiftPackageProductDependency;
			package = EFF82A092D516A9E0020728E /* XCRemoteSwiftPackageReference "firebase-ios-sdk" */;
			productName = FirebaseAuth;
		};
		EFF82A0C2D516A9E0020728E /* FirebaseCore */ = {
			isa = XCSwiftPackageProductDependency;
			package = EFF82A092D516A9E0020728E /* XCRemoteSwiftPackageReference "firebase-ios-sdk" */;
			productName = FirebaseCore;
		};
		EFF82A0E2D516A9E0020728E /* FirebaseDatabase */ = {
			isa = XCSwiftPackageProductDependency;
			package = EFF82A092D516A9E0020728E /* XCRemoteSwiftPackageReference "firebase-ios-sdk" */;
			productName = FirebaseDatabase;
		};
		EFF82A102D516A9E0020728E /* FirebaseFirestore */ = {
			isa = XCSwiftPackageProductDependency;
			package = EFF82A092D516A9E0020728E /* XCRemoteSwiftPackageReference "firebase-ios-sdk" */;
			productName = FirebaseFirestore;
		};
		EFF82A122D516A9E0020728E /* FirebaseStorage */ = {
			isa = XCSwiftPackageProductDependency;
			package = EFF82A092D516A9E0020728E /* XCRemoteSwiftPackageReference "firebase-ios-sdk" */;
			productName = FirebaseStorage;
		};
		EFF82A142D516A9E0020728E /* FirebaseVertexAI */ = {
			isa = XCSwiftPackageProductDependency;
			package = EFF82A092D516A9E0020728E /* XCRemoteSwiftPackageReference "firebase-ios-sdk" */;
			productName = FirebaseVertexAI;
		};
/* End XCSwiftPackageProductDependency section */
	};
	rootObject = EFF829142D51469A0020728E /* Project object */;
}
